// !$*UTF8*$!
{
	archiveVersion = 1;
	classes = {
	};
	objectVersion = 56;
	objects = {

/* Begin PBXBuildFile section */
		91777E2D2AF9098400846D5B /* CameraWaterMarkApp.swift in Sources */ = {isa = PBXBuildFile; fileRef = 91777E2C2AF9098400846D5B /* CameraWaterMarkApp.swift */; };
		91777E2F2AF9098400846D5B /* ContentView.swift in Sources */ = {isa = PBXBuildFile; fileRef = 91777E2E2AF9098400846D5B /* ContentView.swift */; };
		91777E312AF9098600846D5B /* Assets.xcassets in Resources */ = {isa = PBXBuildFile; fileRef = 91777E302AF9098600846D5B /* Assets.xcassets */; };
		91777E352AF9098600846D5B /* Preview Assets.xcassets in Resources */ = {isa = PBXBuildFile; fileRef = 91777E342AF9098600846D5B /* Preview Assets.xcassets */; };
		91777E3F2AF9098600846D5B /* CameraWaterMarkTests.swift in Sources */ = {isa = PBXBuildFile; fileRef = 91777E3E2AF9098600846D5B /* CameraWaterMarkTests.swift */; };
		91777E492AF9098600846D5B /* CameraWaterMarkUITests.swift in Sources */ = {isa = PBXBuildFile; fileRef = 91777E482AF9098600846D5B /* CameraWaterMarkUITests.swift */; };
		91777E4B2AF9098600846D5B /* CameraWaterMarkUITestsLaunchTests.swift in Sources */ = {isa = PBXBuildFile; fileRef = 91777E4A2AF9098600846D5B /* CameraWaterMarkUITestsLaunchTests.swift */; };
/* End PBXBuildFile section */

/* Begin PBXContainerItemProxy section */
		91777E3B2AF9098600846D5B /* PBXContainerItemProxy */ = {
			isa = PBXContainerItemProxy;
			containerPortal = 91777E212AF9098400846D5B /* Project object */;
			proxyType = 1;
			remoteGlobalIDString = 91777E282AF9098400846D5B;
			remoteInfo = CameraWaterMark;
		};
		91777E452AF9098600846D5B /* PBXContainerItemProxy */ = {
			isa = PBXContainerItemProxy;
			containerPortal = 91777E212AF9098400846D5B /* Project object */;
			proxyType = 1;
			remoteGlobalIDString = 91777E282AF9098400846D5B;
			remoteInfo = CameraWaterMark;
		};
/* End PBXContainerItemProxy section */

/* Begin PBXFileReference section */
		91777E292AF9098400846D5B /* CameraWaterMark.app */ = {isa = PBXFileReference; explicitFileType = wrapper.application; includeInIndex = 0; path = CameraWaterMark.app; sourceTree = BUILT_PRODUCTS_DIR; };
		91777E2C2AF9098400846D5B /* CameraWaterMarkApp.swift */ = {isa = PBXFileReference; lastKnownFileType = sourcecode.swift; path = CameraWaterMarkApp.swift; sourceTree = "<group>"; };
		91777E2E2AF9098400846D5B /* ContentView.swift */ = {isa = PBXFileReference; lastKnownFileType = sourcecode.swift; path = ContentView.swift; sourceTree = "<group>"; };
		91777E302AF9098600846D5B /* Assets.xcassets */ = {isa = PBXFileReference; lastKnownFileType = folder.assetcatalog; path = Assets.xcassets; sourceTree = "<group>"; };
		91777E322AF9098600846D5B /* CameraWaterMark.entitlements */ = {isa = PBXFileReference; lastKnownFileType = text.plist.entitlements; path = CameraWaterMark.entitlements; sourceTree = "<group>"; };
		91777E342AF9098600846D5B /* Preview Assets.xcassets */ = {isa = PBXFileReference; lastKnownFileType = folder.assetcatalog; path = "Preview Assets.xcassets"; sourceTree = "<group>"; };
		91777E3A2AF9098600846D5B /* CameraWaterMarkTests.xctest */ = {isa = PBXFileReference; explicitFileType = wrapper.cfbundle; includeInIndex = 0; path = CameraWaterMarkTests.xctest; sourceTree = BUILT_PRODUCTS_DIR; };
		91777E3E2AF9098600846D5B /* CameraWaterMarkTests.swift */ = {isa = PBXFileReference; lastKnownFileType = sourcecode.swift; path = CameraWaterMarkTests.swift; sourceTree = "<group>"; };
		91777E442AF9098600846D5B /* CameraWaterMarkUITests.xctest */ = {isa = PBXFileReference; explicitFileType = wrapper.cfbundle; includeInIndex = 0; path = CameraWaterMarkUITests.xctest; sourceTree = BUILT_PRODUCTS_DIR; };
		91777E482AF9098600846D5B /* CameraWaterMarkUITests.swift */ = {isa = PBXFileReference; lastKnownFileType = sourcecode.swift; path = CameraWaterMarkUITests.swift; sourceTree = "<group>"; };
		91777E4A2AF9098600846D5B /* CameraWaterMarkUITestsLaunchTests.swift */ = {isa = PBXFileReference; lastKnownFileType = sourcecode.swift; path = CameraWaterMarkUITestsLaunchTests.swift; sourceTree = "<group>"; };
/* End PBXFileReference section */

/* Begin PBXFrameworksBuildPhase section */
		91777E262AF9098400846D5B /* Frameworks */ = {
			isa = PBXFrameworksBuildPhase;
			buildActionMask = 2147483647;
			files = (
			);
			runOnlyForDeploymentPostprocessing = 0;
		};
		91777E372AF9098600846D5B /* Frameworks */ = {
			isa = PBXFrameworksBuildPhase;
			buildActionMask = 2147483647;
			files = (
			);
			runOnlyForDeploymentPostprocessing = 0;
		};
		91777E412AF9098600846D5B /* Frameworks */ = {
			isa = PBXFrameworksBuildPhase;
			buildActionMask = 2147483647;
			files = (
			);
			runOnlyForDeploymentPostprocessing = 0;
		};
/* End PBXFrameworksBuildPhase section */

/* Begin PBXGroup section */
		91777E202AF9098400846D5B = {
			isa = PBXGroup;
			children = (
				91777E2B2AF9098400846D5B /* CameraWaterMark */,
				91777E3D2AF9098600846D5B /* CameraWaterMarkTests */,
				91777E472AF9098600846D5B /* CameraWaterMarkUITests */,
				91777E2A2AF9098400846D5B /* Products */,
			);
			sourceTree = "<group>";
		};
		91777E2A2AF9098400846D5B /* Products */ = {
			isa = PBXGroup;
			children = (
				91777E292AF9098400846D5B /* CameraWaterMark.app */,
				91777E3A2AF9098600846D5B /* CameraWaterMarkTests.xctest */,
				91777E442AF9098600846D5B /* CameraWaterMarkUITests.xctest */,
			);
			name = Products;
			sourceTree = "<group>";
		};
		91777E2B2AF9098400846D5B /* CameraWaterMark */ = {
			isa = PBXGroup;
			children = (
				91777E2C2AF9098400846D5B /* CameraWaterMarkApp.swift */,
				91777E2E2AF9098400846D5B /* ContentView.swift */,
				91777E302AF9098600846D5B /* Assets.xcassets */,
				91777E322AF9098600846D5B /* CameraWaterMark.entitlements */,
				91777E332AF9098600846D5B /* Preview Content */,
			);
			path = CameraWaterMark;
			sourceTree = "<group>";
		};
		91777E332AF9098600846D5B /* Preview Content */ = {
			isa = PBXGroup;
			children = (
				91777E342AF9098600846D5B /* Preview Assets.xcassets */,
			);
			path = "Preview Content";
			sourceTree = "<group>";
		};
		91777E3D2AF9098600846D5B /* CameraWaterMarkTests */ = {
			isa = PBXGroup;
			children = (
				91777E3E2AF9098600846D5B /* CameraWaterMarkTests.swift */,
			);
			path = CameraWaterMarkTests;
			sourceTree = "<group>";
		};
		91777E472AF9098600846D5B /* CameraWaterMarkUITests */ = {
			isa = PBXGroup;
			children = (
				91777E482AF9098600846D5B /* CameraWaterMarkUITests.swift */,
				91777E4A2AF9098600846D5B /* CameraWaterMarkUITestsLaunchTests.swift */,
			);
			path = CameraWaterMarkUITests;
			sourceTree = "<group>";
		};
/* End PBXGroup section */

/* Begin PBXNativeTarget section */
		91777E282AF9098400846D5B /* CameraWaterMark */ = {
			isa = PBXNativeTarget;
			buildConfigurationList = 91777E4E2AF9098600846D5B /* Build configuration list for PBXNativeTarget "CameraWaterMark" */;
			buildPhases = (
				91777E252AF9098400846D5B /* Sources */,
				91777E262AF9098400846D5B /* Frameworks */,
				91777E272AF9098400846D5B /* Resources */,
			);
			buildRules = (
			);
			dependencies = (
			);
			name = CameraWaterMark;
			productName = CameraWaterMark;
			productReference = 91777E292AF9098400846D5B /* CameraWaterMark.app */;
			productType = "com.apple.product-type.application";
		};
		91777E392AF9098600846D5B /* CameraWaterMarkTests */ = {
			isa = PBXNativeTarget;
			buildConfigurationList = 91777E512AF9098600846D5B /* Build configuration list for PBXNativeTarget "CameraWaterMarkTests" */;
			buildPhases = (
				91777E362AF9098600846D5B /* Sources */,
				91777E372AF9098600846D5B /* Frameworks */,
				91777E382AF9098600846D5B /* Resources */,
			);
			buildRules = (
			);
			dependencies = (
				91777E3C2AF9098600846D5B /* PBXTargetDependency */,
			);
			name = CameraWaterMarkTests;
			productName = CameraWaterMarkTests;
			productReference = 91777E3A2AF9098600846D5B /* CameraWaterMarkTests.xctest */;
			productType = "com.apple.product-type.bundle.unit-test";
		};
		91777E432AF9098600846D5B /* CameraWaterMarkUITests */ = {
			isa = PBXNativeTarget;
			buildConfigurationList = 91777E542AF9098600846D5B /* Build configuration list for PBXNativeTarget "CameraWaterMarkUITests" */;
			buildPhases = (
				91777E402AF9098600846D5B /* Sources */,
				91777E412AF9098600846D5B /* Frameworks */,
				91777E422AF9098600846D5B /* Resources */,
			);
			buildRules = (
			);
			dependencies = (
				91777E462AF9098600846D5B /* PBXTargetDependency */,
			);
			name = CameraWaterMarkUITests;
			productName = CameraWaterMarkUITests;
			productReference = 91777E442AF9098600846D5B /* CameraWaterMarkUITests.xctest */;
			productType = "com.apple.product-type.bundle.ui-testing";
		};
/* End PBXNativeTarget section */

/* Begin PBXProject section */
		91777E212AF9098400846D5B /* Project object */ = {
			isa = PBXProject;
			attributes = {
				BuildIndependentTargetsInParallel = 1;
				LastSwiftUpdateCheck = 1500;
				LastUpgradeCheck = 1500;
				TargetAttributes = {
					91777E282AF9098400846D5B = {
						CreatedOnToolsVersion = 15.0.1;
					};
					91777E392AF9098600846D5B = {
						CreatedOnToolsVersion = 15.0.1;
						TestTargetID = 91777E282AF9098400846D5B;
					};
					91777E432AF9098600846D5B = {
						CreatedOnToolsVersion = 15.0.1;
						TestTargetID = 91777E282AF9098400846D5B;
					};
				};
			};
			buildConfigurationList = 91777E242AF9098400846D5B /* Build configuration list for PBXProject "CameraWaterMark" */;
			compatibilityVersion = "Xcode 14.0";
			developmentRegion = en;
			hasScannedForEncodings = 0;
			knownRegions = (
				en,
				Base,
			);
			mainGroup = 91777E202AF9098400846D5B;
			productRefGroup = 91777E2A2AF9098400846D5B /* Products */;
			projectDirPath = "";
			projectRoot = "";
			targets = (
				91777E282AF9098400846D5B /* CameraWaterMark */,
				91777E392AF9098600846D5B /* CameraWaterMarkTests */,
				91777E432AF9098600846D5B /* CameraWaterMarkUITests */,
			);
		};
/* End PBXProject section */

/* Begin PBXResourcesBuildPhase section */
		91777E272AF9098400846D5B /* Resources */ = {
			isa = PBXResourcesBuildPhase;
			buildActionMask = 2147483647;
			files = (
				91777E352AF9098600846D5B /* Preview Assets.xcassets in Resources */,
				91777E312AF9098600846D5B /* Assets.xcassets in Resources */,
			);
			runOnlyForDeploymentPostprocessing = 0;
		};
		91777E382AF9098600846D5B /* Resources */ = {
			isa = PBXResourcesBuildPhase;
			buildActionMask = 2147483647;
			files = (
			);
			runOnlyForDeploymentPostprocessing = 0;
		};
		91777E422AF9098600846D5B /* Resources */ = {
			isa = PBXResourcesBuildPhase;
			buildActionMask = 2147483647;
			files = (
			);
			runOnlyForDeploymentPostprocessing = 0;
		};
/* End PBXResourcesBuildPhase section */

/* Begin PBXSourcesBuildPhase section */
		91777E252AF9098400846D5B /* Sources */ = {
			isa = PBXSourcesBuildPhase;
			buildActionMask = 2147483647;
			files = (
				91777E2F2AF9098400846D5B /* ContentView.swift in Sources */,
				91777E2D2AF9098400846D5B /* CameraWaterMarkApp.swift in Sources */,
			);
			runOnlyForDeploymentPostprocessing = 0;
		};
		91777E362AF9098600846D5B /* Sources */ = {
			isa = PBXSourcesBuildPhase;
			buildActionMask = 2147483647;
			files = (
				91777E3F2AF9098600846D5B /* CameraWaterMarkTests.swift in Sources */,
			);
			runOnlyForDeploymentPostprocessing = 0;
		};
		91777E402AF9098600846D5B /* Sources */ = {
			isa = PBXSourcesBuildPhase;
			buildActionMask = 2147483647;
			files = (
				91777E4B2AF9098600846D5B /* CameraWaterMarkUITestsLaunchTests.swift in Sources */,
				91777E492AF9098600846D5B /* CameraWaterMarkUITests.swift in Sources */,
			);
			runOnlyForDeploymentPostprocessing = 0;
		};
/* End PBXSourcesBuildPhase section */

/* Begin PBXTargetDependency section */
		91777E3C2AF9098600846D5B /* PBXTargetDependency */ = {
			isa = PBXTargetDependency;
			target = 91777E282AF9098400846D5B /* CameraWaterMark */;
			targetProxy = 91777E3B2AF9098600846D5B /* PBXContainerItemProxy */;
		};
		91777E462AF9098600846D5B /* PBXTargetDependency */ = {
			isa = PBXTargetDependency;
			target = 91777E282AF9098400846D5B /* CameraWaterMark */;
			targetProxy = 91777E452AF9098600846D5B /* PBXContainerItemProxy */;
		};
/* End PBXTargetDependency section */

/* Begin XCBuildConfiguration section */
		91777E4C2AF9098600846D5B /* Debug */ = {
			isa = XCBuildConfiguration;
			buildSettings = {
				ALWAYS_SEARCH_USER_PATHS = NO;
				ASSETCATALOG_COMPILER_GENERATE_SWIFT_ASSET_SYMBOL_EXTENSIONS = YES;
				CLANG_ANALYZER_NONNULL = YES;
				CLANG_ANALYZER_NUMBER_OBJECT_CONVERSION = YES_AGGRESSIVE;
				CLANG_CXX_LANGUAGE_STANDARD = "gnu++20";
				CLANG_ENABLE_MODULES = YES;
				CLANG_ENABLE_OBJC_ARC = YES;
				CLANG_ENABLE_OBJC_WEAK = YES;
				CLANG_WARN_BLOCK_CAPTURE_AUTORELEASING = YES;
				CLANG_WARN_BOOL_CONVERSION = YES;
				CLANG_WARN_COMMA = YES;
				CLANG_WARN_CONSTANT_CONVERSION = YES;
				CLANG_WARN_DEPRECATED_OBJC_IMPLEMENTATIONS = YES;
				CLANG_WARN_DIRECT_OBJC_ISA_USAGE = YES_ERROR;
				CLANG_WARN_DOCUMENTATION_COMMENTS = YES;
				CLANG_WARN_EMPTY_BODY = YES;
				CLANG_WARN_ENUM_CONVERSION = YES;
				CLANG_WARN_INFINITE_RECURSION = YES;
				CLANG_WARN_INT_CONVERSION = YES;
				CLANG_WARN_NON_LITERAL_NULL_CONVERSION = YES;
				CLANG_WARN_OBJC_IMPLICIT_RETAIN_SELF = YES;
				CLANG_WARN_OBJC_LITERAL_CONVERSION = YES;
				CLANG_WARN_OBJC_ROOT_CLASS = YES_ERROR;
				CLANG_WARN_QUOTED_INCLUDE_IN_FRAMEWORK_HEADER = YES;
				CLANG_WARN_RANGE_LOOP_ANALYSIS = YES;
				CLANG_WARN_STRICT_PROTOTYPES = YES;
				CLANG_WARN_SUSPICIOUS_MOVE = YES;
				CLANG_WARN_UNGUARDED_AVAILABILITY = YES_AGGRESSIVE;
				CLANG_WARN_UNREACHABLE_CODE = YES;
				CLANG_WARN__DUPLICATE_METHOD_MATCH = YES;
				COPY_PHASE_STRIP = NO;
				DEBUG_INFORMATION_FORMAT = dwarf;
				ENABLE_STRICT_OBJC_MSGSEND = YES;
				ENABLE_TESTABILITY = YES;
				ENABLE_USER_SCRIPT_SANDBOXING = YES;
				GCC_C_LANGUAGE_STANDARD = gnu17;
				GCC_DYNAMIC_NO_PIC = NO;
				GCC_NO_COMMON_BLOCKS = YES;
				GCC_OPTIMIZATION_LEVEL = 0;
				GCC_PREPROCESSOR_DEFINITIONS = (
					"DEBUG=1",
					"$(inherited)",
				);
				GCC_WARN_64_TO_32_BIT_CONVERSION = YES;
				GCC_WARN_ABOUT_RETURN_TYPE = YES_ERROR;
				GCC_WARN_UNDECLARED_SELECTOR = YES;
				GCC_WARN_UNINITIALIZED_AUTOS = YES_AGGRESSIVE;
				GCC_WARN_UNUSED_FUNCTION = YES;
				GCC_WARN_UNUSED_VARIABLE = YES;
				LOCALIZATION_PREFERS_STRING_CATALOGS = YES;
				MTL_ENABLE_DEBUG_INFO = INCLUDE_SOURCE;
				MTL_FAST_MATH = YES;
				ONLY_ACTIVE_ARCH = YES;
				SWIFT_ACTIVE_COMPILATION_CONDITIONS = "DEBUG $(inherited)";
				SWIFT_OPTIMIZATION_LEVEL = "-Onone";
			};
			name = Debug;
		};
		91777E4D2AF9098600846D5B /* Release */ = {
			isa = XCBuildConfiguration;
			buildSettings = {
				ALWAYS_SEARCH_USER_PATHS = NO;
				ASSETCATALOG_COMPILER_GENERATE_SWIFT_ASSET_SYMBOL_EXTENSIONS = YES;
				CLANG_ANALYZER_NONNULL = YES;
				CLANG_ANALYZER_NUMBER_OBJECT_CONVERSION = YES_AGGRESSIVE;
				CLANG_CXX_LANGUAGE_STANDARD = "gnu++20";
				CLANG_ENABLE_MODULES = YES;
				CLANG_ENABLE_OBJC_ARC = YES;
				CLANG_ENABLE_OBJC_WEAK = YES;
				CLANG_WARN_BLOCK_CAPTURE_AUTORELEASING = YES;
				CLANG_WARN_BOOL_CONVERSION = YES;
				CLANG_WARN_COMMA = YES;
				CLANG_WARN_CONSTANT_CONVERSION = YES;
				CLANG_WARN_DEPRECATED_OBJC_IMPLEMENTATIONS = YES;
				CLANG_WARN_DIRECT_OBJC_ISA_USAGE = YES_ERROR;
				CLANG_WARN_DOCUMENTATION_COMMENTS = YES;
				CLANG_WARN_EMPTY_BODY = YES;
				CLANG_WARN_ENUM_CONVERSION = YES;
				CLANG_WARN_INFINITE_RECURSION = YES;
				CLANG_WARN_INT_CONVERSION = YES;
				CLANG_WARN_NON_LITERAL_NULL_CONVERSION = YES;
				CLANG_WARN_OBJC_IMPLICIT_RETAIN_SELF = YES;
				CLANG_WARN_OBJC_LITERAL_CONVERSION = YES;
				CLANG_WARN_OBJC_ROOT_CLASS = YES_ERROR;
				CLANG_WARN_QUOTED_INCLUDE_IN_FRAMEWORK_HEADER = YES;
				CLANG_WARN_RANGE_LOOP_ANALYSIS = YES;
				CLANG_WARN_STRICT_PROTOTYPES = YES;
				CLANG_WARN_SUSPICIOUS_MOVE = YES;
				CLANG_WARN_UNGUARDED_AVAILABILITY = YES_AGGRESSIVE;
				CLANG_WARN_UNREACHABLE_CODE = YES;
				CLANG_WARN__DUPLICATE_METHOD_MATCH = YES;
				COPY_PHASE_STRIP = NO;
				DEBUG_INFORMATION_FORMAT = "dwarf-with-dsym";
				ENABLE_NS_ASSERTIONS = NO;
				ENABLE_STRICT_OBJC_MSGSEND = YES;
				ENABLE_USER_SCRIPT_SANDBOXING = YES;
				GCC_C_LANGUAGE_STANDARD = gnu17;
				GCC_NO_COMMON_BLOCKS = YES;
				GCC_WARN_64_TO_32_BIT_CONVERSION = YES;
				GCC_WARN_ABOUT_RETURN_TYPE = YES_ERROR;
				GCC_WARN_UNDECLARED_SELECTOR = YES;
				GCC_WARN_UNINITIALIZED_AUTOS = YES_AGGRESSIVE;
				GCC_WARN_UNUSED_FUNCTION = YES;
				GCC_WARN_UNUSED_VARIABLE = YES;
				LOCALIZATION_PREFERS_STRING_CATALOGS = YES;
				MTL_ENABLE_DEBUG_INFO = NO;
				MTL_FAST_MATH = YES;
				SWIFT_COMPILATION_MODE = wholemodule;
			};
			name = Release;
		};
		91777E4F2AF9098600846D5B /* Debug */ = {
			isa = XCBuildConfiguration;
			buildSettings = {
				ASSETCATALOG_COMPILER_APPICON_NAME = AppIcon;
				ASSETCATALOG_COMPILER_GLOBAL_ACCENT_COLOR_NAME = AccentColor;
				CODE_SIGN_ENTITLEMENTS = CameraWaterMark/CameraWaterMark.entitlements;
				CODE_SIGN_STYLE = Automatic;
				CURRENT_PROJECT_VERSION = 1;
				DEVELOPMENT_ASSET_PATHS = "\"CameraWaterMark/Preview Content\"";
				ENABLE_PREVIEWS = YES;
				GENERATE_INFOPLIST_FILE = YES;
				"INFOPLIST_KEY_UIApplicationSceneManifest_Generation[sdk=iphoneos*]" = YES;
				"INFOPLIST_KEY_UIApplicationSceneManifest_Generation[sdk=iphonesimulator*]" = YES;
				"INFOPLIST_KEY_UIApplicationSupportsIndirectInputEvents[sdk=iphoneos*]" = YES;
				"INFOPLIST_KEY_UIApplicationSupportsIndirectInputEvents[sdk=iphonesimulator*]" = YES;
				"INFOPLIST_KEY_UILaunchScreen_Generation[sdk=iphoneos*]" = YES;
				"INFOPLIST_KEY_UILaunchScreen_Generation[sdk=iphonesimulator*]" = YES;
				"INFOPLIST_KEY_UIStatusBarStyle[sdk=iphoneos*]" = UIStatusBarStyleDefault;
				"INFOPLIST_KEY_UIStatusBarStyle[sdk=iphonesimulator*]" = UIStatusBarStyleDefault;
				INFOPLIST_KEY_UISupportedInterfaceOrientations_iPad = "UIInterfaceOrientationPortrait UIInterfaceOrientationPortraitUpsideDown UIInterfaceOrientationLandscapeLeft UIInterfaceOrientationLandscapeRight";
				INFOPLIST_KEY_UISupportedInterfaceOrientations_iPhone = "UIInterfaceOrientationPortrait UIInterfaceOrientationLandscapeLeft UIInterfaceOrientationLandscapeRight";
				IPHONEOS_DEPLOYMENT_TARGET = 17.0;
				LD_RUNPATH_SEARCH_PATHS = "@executable_path/Frameworks";
				"LD_RUNPATH_SEARCH_PATHS[sdk=macosx*]" = "@executable_path/../Frameworks";
				MACOSX_DEPLOYMENT_TARGET = 14.0;
				MARKETING_VERSION = 1.0;
				PRODUCT_BUNDLE_IDENTIFIER = Neowless.CameraWaterMark;
				PRODUCT_NAME = "$(TARGET_NAME)";
				SDKROOT = auto;
				SUPPORTED_PLATFORMS = "iphoneos iphonesimulator macosx";
				SWIFT_EMIT_LOC_STRINGS = YES;
				SWIFT_VERSION = 5.0;
				TARGETED_DEVICE_FAMILY = "1,2";
			};
			name = Debug;
		};
		91777E502AF9098600846D5B /* Release */ = {
			isa = XCBuildConfiguration;
			buildSettings = {
				ASSETCATALOG_COMPILER_APPICON_NAME = AppIcon;
				ASSETCATALOG_COMPILER_GLOBAL_ACCENT_COLOR_NAME = AccentColor;
				CODE_SIGN_ENTITLEMENTS = CameraWaterMark/CameraWaterMark.entitlements;
				CODE_SIGN_STYLE = Automatic;
				CURRENT_PROJECT_VERSION = 1;
				DEVELOPMENT_ASSET_PATHS = "\"CameraWaterMark/Preview Content\"";
				ENABLE_PREVIEWS = YES;
				GENERATE_INFOPLIST_FILE = YES;
				"INFOPLIST_KEY_UIApplicationSceneManifest_Generation[sdk=iphoneos*]" = YES;
				"INFOPLIST_KEY_UIApplicationSceneManifest_Generation[sdk=iphonesimulator*]" = YES;
				"INFOPLIST_KEY_UIApplicationSupportsIndirectInputEvents[sdk=iphoneos*]" = YES;
				"INFOPLIST_KEY_UIApplicationSupportsIndirectInputEvents[sdk=iphonesimulator*]" = YES;
				"INFOPLIST_KEY_UILaunchScreen_Generation[sdk=iphoneos*]" = YES;
				"INFOPLIST_KEY_UILaunchScreen_Generation[sdk=iphonesimulator*]" = YES;
				"INFOPLIST_KEY_UIStatusBarStyle[sdk=iphoneos*]" = UIStatusBarStyleDefault;
				"INFOPLIST_KEY_UIStatusBarStyle[sdk=iphonesimulator*]" = UIStatusBarStyleDefault;
				INFOPLIST_KEY_UISupportedInterfaceOrientations_iPad = "UIInterfaceOrientationPortrait UIInterfaceOrientationPortraitUpsideDown UIInterfaceOrientationLandscapeLeft UIInterfaceOrientationLandscapeRight";
				INFOPLIST_KEY_UISupportedInterfaceOrientations_iPhone = "UIInterfaceOrientationPortrait UIInterfaceOrientationLandscapeLeft UIInterfaceOrientationLandscapeRight";
				IPHONEOS_DEPLOYMENT_TARGET = 17.0;
				LD_RUNPATH_SEARCH_PATHS = "@executable_path/Frameworks";
				"LD_RUNPATH_SEARCH_PATHS[sdk=macosx*]" = "@executable_path/../Frameworks";
				MACOSX_DEPLOYMENT_TARGET = 14.0;
				MARKETING_VERSION = 1.0;
				PRODUCT_BUNDLE_IDENTIFIER = Neowless.CameraWaterMark;
				PRODUCT_NAME = "$(TARGET_NAME)";
				SDKROOT = auto;
				SUPPORTED_PLATFORMS = "iphoneos iphonesimulator macosx";
				SWIFT_EMIT_LOC_STRINGS = YES;
				SWIFT_VERSION = 5.0;
				TARGETED_DEVICE_FAMILY = "1,2";
			};
			name = Release;
		};
		91777E522AF9098600846D5B /* Debug */ = {
			isa = XCBuildConfiguration;
			buildSettings = {
				ALWAYS_EMBED_SWIFT_STANDARD_LIBRARIES = YES;
				BUNDLE_LOADER = "$(TEST_HOST)";
				CODE_SIGN_STYLE = Automatic;
				CURRENT_PROJECT_VERSION = 1;
				GENERATE_INFOPLIST_FILE = YES;
				IPHONEOS_DEPLOYMENT_TARGET = 17.0;
				MACOSX_DEPLOYMENT_TARGET = 14.0;
				MARKETING_VERSION = 1.0;
				PRODUCT_BUNDLE_IDENTIFIER = Neowless.CameraWaterMarkTests;
				PRODUCT_NAME = "$(TARGET_NAME)";
				SDKROOT = auto;
				SUPPORTED_PLATFORMS = "iphoneos iphonesimulator macosx";
				SWIFT_EMIT_LOC_STRINGS = NO;
				SWIFT_VERSION = 5.0;
				TARGETED_DEVICE_FAMILY = "1,2";
				TEST_HOST = "$(BUILT_PRODUCTS_DIR)/CameraWaterMark.app/$(BUNDLE_EXECUTABLE_FOLDER_PATH)/CameraWaterMark";
			};
			name = Debug;
		};
		91777E532AF9098600846D5B /* Release */ = {
			isa = XCBuildConfiguration;
			buildSettings = {
				ALWAYS_EMBED_SWIFT_STANDARD_LIBRARIES = YES;
				BUNDLE_LOADER = "$(TEST_HOST)";
				CODE_SIGN_STYLE = Automatic;
				CURRENT_PROJECT_VERSION = 1;
				GENERATE_INFOPLIST_FILE = YES;
				IPHONEOS_DEPLOYMENT_TARGET = 17.0;
				MACOSX_DEPLOYMENT_TARGET = 14.0;
				MARKETING_VERSION = 1.0;
				PRODUCT_BUNDLE_IDENTIFIER = Neowless.CameraWaterMarkTests;
				PRODUCT_NAME = "$(TARGET_NAME)";
				SDKROOT = auto;
				SUPPORTED_PLATFORMS = "iphoneos iphonesimulator macosx";
				SWIFT_EMIT_LOC_STRINGS = NO;
				SWIFT_VERSION = 5.0;
				TARGETED_DEVICE_FAMILY = "1,2";
				TEST_HOST = "$(BUILT_PRODUCTS_DIR)/CameraWaterMark.app/$(BUNDLE_EXECUTABLE_FOLDER_PATH)/CameraWaterMark";
			};
			name = Release;
		};
		91777E552AF9098600846D5B /* Debug */ = {
			isa = XCBuildConfiguration;
			buildSettings = {
				ALWAYS_EMBED_SWIFT_STANDARD_LIBRARIES = YES;
				CODE_SIGN_STYLE = Automatic;
				CURRENT_PROJECT_VERSION = 1;
				GENERATE_INFOPLIST_FILE = YES;
				IPHONEOS_DEPLOYMENT_TARGET = 17.0;
				MACOSX_DEPLOYMENT_TARGET = 14.0;
				MARKETING_VERSION = 1.0;
				PRODUCT_BUNDLE_IDENTIFIER = Neowless.CameraWaterMarkUITests;
				PRODUCT_NAME = "$(TARGET_NAME)";
				SDKROOT = auto;
				SUPPORTED_PLATFORMS = "iphoneos iphonesimulator macosx";
				SWIFT_EMIT_LOC_STRINGS = NO;
				SWIFT_VERSION = 5.0;
				TARGETED_DEVICE_FAMILY = "1,2";
				TEST_TARGET_NAME = CameraWaterMark;
			};
			name = Debug;
		};
		91777E562AF9098600846D5B /* Release */ = {
			isa = XCBuildConfiguration;
			buildSettings = {
				ALWAYS_EMBED_SWIFT_STANDARD_LIBRARIES = YES;
				CODE_SIGN_STYLE = Automatic;
				CURRENT_PROJECT_VERSION = 1;
				GENERATE_INFOPLIST_FILE = YES;
				IPHONEOS_DEPLOYMENT_TARGET = 17.0;
				MACOSX_DEPLOYMENT_TARGET = 14.0;
				MARKETING_VERSION = 1.0;
				PRODUCT_BUNDLE_IDENTIFIER = Neowless.CameraWaterMarkUITests;
				PRODUCT_NAME = "$(TARGET_NAME)";
				SDKROOT = auto;
				SUPPORTED_PLATFORMS = "iphoneos iphonesimulator macosx";
				SWIFT_EMIT_LOC_STRINGS = NO;
				SWIFT_VERSION = 5.0;
				TARGETED_DEVICE_FAMILY = "1,2";
				TEST_TARGET_NAME = CameraWaterMark;
			};
			name = Release;
		};
/* End XCBuildConfiguration section */

/* Begin XCConfigurationList section */
		91777E242AF9098400846D5B /* Build configuration list for PBXProject "CameraWaterMark" */ = {
			isa = XCConfigurationList;
			buildConfigurations = (
				91777E4C2AF9098600846D5B /* Debug */,
				91777E4D2AF9098600846D5B /* Release */,
			);
			defaultConfigurationIsVisible = 0;
			defaultConfigurationName = Release;
		};
		91777E4E2AF9098600846D5B /* Build configuration list for PBXNativeTarget "CameraWaterMark" */ = {
			isa = XCConfigurationList;
			buildConfigurations = (
				91777E4F2AF9098600846D5B /* Debug */,
				91777E502AF9098600846D5B /* Release */,
			);
			defaultConfigurationIsVisible = 0;
			defaultConfigurationName = Release;
		};
		91777E512AF9098600846D5B /* Build configuration list for PBXNativeTarget "CameraWaterMarkTests" */ = {
			isa = XCConfigurationList;
			buildConfigurations = (
				91777E522AF9098600846D5B /* Debug */,
				91777E532AF9098600846D5B /* Release */,
			);
			defaultConfigurationIsVisible = 0;
			defaultConfigurationName = Release;
		};
		91777E542AF9098600846D5B /* Build configuration list for PBXNativeTarget "CameraWaterMarkUITests" */ = {
			isa = XCConfigurationList;
			buildConfigurations = (
				91777E552AF9098600846D5B /* Debug */,
				91777E562AF9098600846D5B /* Release */,
			);
			defaultConfigurationIsVisible = 0;
			defaultConfigurationName = Release;
		};
/* End XCConfigurationList section */
	};
	rootObject = 91777E212AF9098400846D5B /* Project object */;
}
